
Microsoft Visual Studio Solution File, Format Version 12.00
# Visual Studio Version 16
VisualStudioVersion = 16.0.29411.108
MinimumVisualStudioVersion = 10.0.40219.1
Project("{FAE04EC0-301F-11D3-BF4B-00C04F79EFBC}") = "InClass2Lab", "InClass2Lab\InClass2Lab.csproj", "{801BA0D7-42DF-4178-9C51-E1A6A7BE46B0}"
EndProject
Global
	GlobalSection(SolutionConfigurationPlatforms) = preSolution
		Debug|Any CPU = Debug|Any CPU
		Release|Any CPU = Release|Any CPU
	EndGlobalSection
	GlobalSection(ProjectConfigurationPlatforms) = postSolution
		{801BA0D7-42DF-4178-9C51-E1A6A7BE46B0}.Debug|Any CPU.ActiveCfg = Debug|Any CPU
		{801BA0D7-42DF-4178-9C51-E1A6A7BE46B0}.Debug|Any CPU.Build.0 = Debug|Any CPU
		{801BA0D7-42DF-4178-9C51-E1A6A7BE46B0}.Release|Any CPU.ActiveCfg = Release|Any CPU
		{801BA0D7-42DF-4178-9C51-E1A6A7BE46B0}.Release|Any CPU.Build.0 = Release|Any CPU
	EndGlobalSection
	GlobalSection(SolutionProperties) = preSolution
		HideSolutionNode = FALSE
	EndGlobalSection
	GlobalSection(ExtensibilityGlobals) = postSolution
		SolutionGuid = {B22B698A-F0CA-4CCE-9CCF-7CC9B2BBAA1F}
	EndGlobalSection
EndGlobal
